# This file is automatically @generated by Cargo.
# It is not intended for manual editing.
version = 3

[[package]]
name = "capnp"
version = "0.19.0"
source = "registry+https://github.com/rust-lang/crates.io-index"
checksum = "5555adc392d19e38339531d9751cda671492a6346e65ed3f6113e9d0b0eb4ab3"
dependencies = [
 "embedded-io",
]

[[package]]
name = "capnpc"
version = "0.19.0"
dependencies = [
 "capnp",
]

[[package]]
name = "embedded-io"
version = "0.6.1"
source = "registry+https://github.com/rust-lang/crates.io-index"
checksum = "edd0f118536f44f5ccd48bcb8b111bdc3de888b58c74639dfb034a357d0f206d"
