{
  "nodes": {
    "nixpkgs": {
      "locked": {
        "lastModified": 1779971623,
        "narHash": "sha256-K8dZM6UtAOvznwTxH8fZ+h3HNHFgTxzLeUKmLNBK9Cg=",
        "owner": "nixos",
        "repo": "nixpkgs",
        "rev": "1474a8ff4c329aedae830ef5214b06789a0e1f5f",
        "type": "github"
      },
      "original": {
        "owner": "nixos",
        "ref": "nixpkgs-unstable",
        "repo": "nixpkgs",
        "type": "github"
      }
    },
    "root": {
      "inputs": {
        "nixpkgs": "nixpkgs"
      }
    }
  },
  "root": "root",
  "version": 7
}
