{
  "nodes": {
    "nixpkgs": {
      "locked": {
        "lastModified": 1770625969,
        "narHash": "sha256-3ESg5ra+raxilFcmJw1vihoGS7Abet1v0OpVn1MxPzU=",
        "owner": "nixos",
        "repo": "nixpkgs",
        "rev": "69ecaffa7deb4daa5a83cb813f8251665e3af93e",
        "type": "github"
      },
      "original": {
        "owner": "nixos",
        "ref": "nixos-unstable",
        "repo": "nixpkgs",
        "type": "github"
      }
    },
    "root": {
      "inputs": {
        "nixpkgs": "nixpkgs"
      }
    }
  },
  "root": "root",
  "version": 7
}
